{
  "originHash" : "f65c0521728f5b9c180a761030978933ad24bdab212727fb63227be79cce5aac",
  "pins" : [
    {
      "identity" : "realm-core",
      "kind" : "remoteSourceControl",
      "location" : "https://github.com/realm/realm-core.git",
      "state" : {
        "revision" : "058ecce712b4be8b2a2384ed893bf83d56a49fc0",
        "version" : "14.10.1"
      }
    },
    {
      "identity" : "realm-swift",
      "kind" : "remoteSourceControl",
      "location" : "https://github.com/realm/realm-swift.git",
      "state" : {
        "revision" : "fb903a9c901cb7863953fdcb5182b05ca2275b27",
        "version" : "10.52.0"
      }
    },
    {
      "identity" : "sdwebimage",
      "kind" : "remoteSourceControl",
      "location" : "https://github.com/SDWebImage/SDWebImage",
      "state" : {
        "revision" : "8a1be70a625683bc04d6903e2935bf23f3c6d609",
        "version" : "5.19.7"
      }
    }
  ],
  "version" : 3
}
